// !$*UTF8*$!
{
	archiveVersion = 1;
	classes = {
	};
	objectVersion = 46;
	objects = {

/* Begin PBXBuildFile section */
		492F2AA61A62662B0050DAA8 /* BounceAnimationController.swift in Sources */ = {isa = PBXBuildFile; fileRef = 492F2AA51A62662B0050DAA8 /* BounceAnimationController.swift */; };
		492F2AA81A6269470050DAA8 /* SlideOutAnimationController.swift in Sources */ = {isa = PBXBuildFile; fileRef = 492F2AA71A6269470050DAA8 /* SlideOutAnimationController.swift */; };
		497469D61A611397001E5871 /* DetailViewController.swift in Sources */ = {isa = PBXBuildFile; fileRef = 497469D51A611397001E5871 /* DetailViewController.swift */; };
		497469D81A611607001E5871 /* DimmingPresentationController.swift in Sources */ = {isa = PBXBuildFile; fileRef = 497469D71A611607001E5871 /* DimmingPresentationController.swift */; };
		497469DA1A612958001E5871 /* GradientView.swift in Sources */ = {isa = PBXBuildFile; fileRef = 497469D91A612958001E5871 /* GradientView.swift */; };
		497EFA871A5A2F530015BA60 /* AppDelegate.swift in Sources */ = {isa = PBXBuildFile; fileRef = 497EFA861A5A2F530015BA60 /* AppDelegate.swift */; };
		497EFA8A1A5A2F530015BA60 /* StoreSearch.xcdatamodeld in Sources */ = {isa = PBXBuildFile; fileRef = 497EFA881A5A2F530015BA60 /* StoreSearch.xcdatamodeld */; };
		497EFA8C1A5A2F530015BA60 /* SearchViewController.swift in Sources */ = {isa = PBXBuildFile; fileRef = 497EFA8B1A5A2F530015BA60 /* SearchViewController.swift */; };
		497EFA8F1A5A2F530015BA60 /* Main.storyboard in Resources */ = {isa = PBXBuildFile; fileRef = 497EFA8D1A5A2F530015BA60 /* Main.storyboard */; };
		497EFA911A5A2F530015BA60 /* Images.xcassets in Resources */ = {isa = PBXBuildFile; fileRef = 497EFA901A5A2F530015BA60 /* Images.xcassets */; };
		497EFAA01A5A2F530015BA60 /* StoreSearchTests.swift in Sources */ = {isa = PBXBuildFile; fileRef = 497EFA9F1A5A2F530015BA60 /* StoreSearchTests.swift */; };
		497EFAAA1A5B96F80015BA60 /* SearchResult.swift in Sources */ = {isa = PBXBuildFile; fileRef = 497EFAA91A5B96F80015BA60 /* SearchResult.swift */; };
		497EFAAC1A5BC21B0015BA60 /* SearchResultCell.xib in Resources */ = {isa = PBXBuildFile; fileRef = 497EFAAB1A5BC21B0015BA60 /* SearchResultCell.xib */; };
		497EFAAE1A5CFF940015BA60 /* SearchResultCell.swift in Sources */ = {isa = PBXBuildFile; fileRef = 497EFAAD1A5CFF940015BA60 /* SearchResultCell.swift */; };
		497EFAB01A5D02280015BA60 /* NothingFoundCell.xib in Resources */ = {isa = PBXBuildFile; fileRef = 497EFAAF1A5D02280015BA60 /* NothingFoundCell.xib */; };
		49A80C7A1A5FC1F20045E73D /* LoadingCell.xib in Resources */ = {isa = PBXBuildFile; fileRef = 49A80C791A5FC1F20045E73D /* LoadingCell.xib */; };
		49A80C7C1A603A1F0045E73D /* UIImageView+DownloadImage.swift in Sources */ = {isa = PBXBuildFile; fileRef = 49A80C7B1A603A1F0045E73D /* UIImageView+DownloadImage.swift */; };
/* End PBXBuildFile section */

/* Begin PBXContainerItemProxy section */
		497EFA9A1A5A2F530015BA60 /* PBXContainerItemProxy */ = {
			isa = PBXContainerItemProxy;
			containerPortal = 497EFA791A5A2F530015BA60 /* Project object */;
			proxyType = 1;
			remoteGlobalIDString = 497EFA801A5A2F530015BA60;
			remoteInfo = StoreSearch;
		};
/* End PBXContainerItemProxy section */

/* Begin PBXFileReference section */
		492F2AA51A62662B0050DAA8 /* BounceAnimationController.swift */ = {isa = PBXFileReference; fileEncoding = 4; lastKnownFileType = sourcecode.swift; path = BounceAnimationController.swift; sourceTree = "<group>"; };
		492F2AA71A6269470050DAA8 /* SlideOutAnimationController.swift */ = {isa = PBXFileReference; fileEncoding = 4; lastKnownFileType = sourcecode.swift; path = SlideOutAnimationController.swift; sourceTree = "<group>"; };
		497469D51A611397001E5871 /* DetailViewController.swift */ = {isa = PBXFileReference; fileEncoding = 4; lastKnownFileType = sourcecode.swift; path = DetailViewController.swift; sourceTree = "<group>"; };
		497469D71A611607001E5871 /* DimmingPresentationController.swift */ = {isa = PBXFileReference; fileEncoding = 4; lastKnownFileType = sourcecode.swift; path = DimmingPresentationController.swift; sourceTree = "<group>"; };
		497469D91A612958001E5871 /* GradientView.swift */ = {isa = PBXFileReference; fileEncoding = 4; lastKnownFileType = sourcecode.swift; path = GradientView.swift; sourceTree = "<group>"; };
		497EFA811A5A2F530015BA60 /* StoreSearch.app */ = {isa = PBXFileReference; explicitFileType = wrapper.application; includeInIndex = 0; path = StoreSearch.app; sourceTree = BUILT_PRODUCTS_DIR; };
		497EFA851A5A2F530015BA60 /* Info.plist */ = {isa = PBXFileReference; lastKnownFileType = text.plist.xml; path = Info.plist; sourceTree = "<group>"; };
		497EFA861A5A2F530015BA60 /* AppDelegate.swift */ = {isa = PBXFileReference; lastKnownFileType = sourcecode.swift; path = AppDelegate.swift; sourceTree = "<group>"; };
		497EFA891A5A2F530015BA60 /* StoreSearch.xcdatamodel */ = {isa = PBXFileReference; lastKnownFileType = wrapper.xcdatamodel; path = StoreSearch.xcdatamodel; sourceTree = "<group>"; };
		497EFA8B1A5A2F530015BA60 /* SearchViewController.swift */ = {isa = PBXFileReference; lastKnownFileType = sourcecode.swift; path = SearchViewController.swift; sourceTree = "<group>"; };
		497EFA8E1A5A2F530015BA60 /* Base */ = {isa = PBXFileReference; lastKnownFileType = file.storyboard; name = Base; path = Base.lproj/Main.storyboard; sourceTree = "<group>"; };
		497EFA901A5A2F530015BA60 /* Images.xcassets */ = {isa = PBXFileReference; lastKnownFileType = folder.assetcatalog; path = Images.xcassets; sourceTree = "<group>"; };
		497EFA991A5A2F530015BA60 /* StoreSearchTests.xctest */ = {isa = PBXFileReference; explicitFileType = wrapper.cfbundle; includeInIndex = 0; path = StoreSearchTests.xctest; sourceTree = BUILT_PRODUCTS_DIR; };
		497EFA9E1A5A2F530015BA60 /* Info.plist */ = {isa = PBXFileReference; lastKnownFileType = text.plist.xml; path = Info.plist; sourceTree = "<group>"; };
		497EFA9F1A5A2F530015BA60 /* StoreSearchTests.swift */ = {isa = PBXFileReference; lastKnownFileType = sourcecode.swift; path = StoreSearchTests.swift; sourceTree = "<group>"; };
		497EFAA91A5B96F80015BA60 /* SearchResult.swift */ = {isa = PBXFileReference; fileEncoding = 4; lastKnownFileType = sourcecode.swift; path = SearchResult.swift; sourceTree = "<group>"; };
		497EFAAB1A5BC21B0015BA60 /* SearchResultCell.xib */ = {isa = PBXFileReference; fileEncoding = 4; lastKnownFileType = file.xib; path = SearchResultCell.xib; sourceTree = "<group>"; };
		497EFAAD1A5CFF940015BA60 /* SearchResultCell.swift */ = {isa = PBXFileReference; fileEncoding = 4; lastKnownFileType = sourcecode.swift; path = SearchResultCell.swift; sourceTree = "<group>"; };
		497EFAAF1A5D02280015BA60 /* NothingFoundCell.xib */ = {isa = PBXFileReference; fileEncoding = 4; lastKnownFileType = file.xib; path = NothingFoundCell.xib; sourceTree = "<group>"; };
		49A80C791A5FC1F20045E73D /* LoadingCell.xib */ = {isa = PBXFileReference; fileEncoding = 4; lastKnownFileType = file.xib; path = LoadingCell.xib; sourceTree = "<group>"; };
		49A80C7B1A603A1F0045E73D /* UIImageView+DownloadImage.swift */ = {isa = PBXFileReference; fileEncoding = 4; lastKnownFileType = sourcecode.swift; path = "UIImageView+DownloadImage.swift"; sourceTree = "<group>"; };
/* End PBXFileReference section */

/* Begin PBXFrameworksBuildPhase section */
		497EFA7E1A5A2F530015BA60 /* Frameworks */ = {
			isa = PBXFrameworksBuildPhase;
			buildActionMask = 2147483647;
			files = (
			);
			runOnlyForDeploymentPostprocessing = 0;
		};
		497EFA961A5A2F530015BA60 /* Frameworks */ = {
			isa = PBXFrameworksBuildPhase;
			buildActionMask = 2147483647;
			files = (
			);
			runOnlyForDeploymentPostprocessing = 0;
		};
/* End PBXFrameworksBuildPhase section */

/* Begin PBXGroup section */
		497EFA781A5A2F530015BA60 = {
			isa = PBXGroup;
			children = (
				497EFA831A5A2F530015BA60 /* StoreSearch */,
				497EFA9C1A5A2F530015BA60 /* StoreSearchTests */,
				497EFA821A5A2F530015BA60 /* Products */,
			);
			sourceTree = "<group>";
		};
		497EFA821A5A2F530015BA60 /* Products */ = {
			isa = PBXGroup;
			children = (
				497EFA811A5A2F530015BA60 /* StoreSearch.app */,
				497EFA991A5A2F530015BA60 /* StoreSearchTests.xctest */,
			);
			name = Products;
			sourceTree = "<group>";
		};
		497EFA831A5A2F530015BA60 /* StoreSearch */ = {
			isa = PBXGroup;
			children = (
				497EFA861A5A2F530015BA60 /* AppDelegate.swift */,
				497EFA8B1A5A2F530015BA60 /* SearchViewController.swift */,
				497469D51A611397001E5871 /* DetailViewController.swift */,
				497469D71A611607001E5871 /* DimmingPresentationController.swift */,
				492F2AA71A6269470050DAA8 /* SlideOutAnimationController.swift */,
				497469D91A612958001E5871 /* GradientView.swift */,
				492F2AA51A62662B0050DAA8 /* BounceAnimationController.swift */,
				497EFAA91A5B96F80015BA60 /* SearchResult.swift */,
				497EFAAD1A5CFF940015BA60 /* SearchResultCell.swift */,
				49A80C7B1A603A1F0045E73D /* UIImageView+DownloadImage.swift */,
				497EFA8D1A5A2F530015BA60 /* Main.storyboard */,
				497EFAAB1A5BC21B0015BA60 /* SearchResultCell.xib */,
				497EFAAF1A5D02280015BA60 /* NothingFoundCell.xib */,
				49A80C791A5FC1F20045E73D /* LoadingCell.xib */,
				497EFA901A5A2F530015BA60 /* Images.xcassets */,
				497EFA881A5A2F530015BA60 /* StoreSearch.xcdatamodeld */,
				497EFA841A5A2F530015BA60 /* Supporting Files */,
			);
			path = StoreSearch;
			sourceTree = "<group>";
		};
		497EFA841A5A2F530015BA60 /* Supporting Files */ = {
			isa = PBXGroup;
			children = (
				497EFA851A5A2F530015BA60 /* Info.plist */,
			);
			name = "Supporting Files";
			sourceTree = "<group>";
		};
		497EFA9C1A5A2F530015BA60 /* StoreSearchTests */ = {
			isa = PBXGroup;
			children = (
				497EFA9F1A5A2F530015BA60 /* StoreSearchTests.swift */,
				497EFA9D1A5A2F530015BA60 /* Supporting Files */,
			);
			path = StoreSearchTests;
			sourceTree = "<group>";
		};
		497EFA9D1A5A2F530015BA60 /* Supporting Files */ = {
			isa = PBXGroup;
			children = (
				497EFA9E1A5A2F530015BA60 /* Info.plist */,
			);
			name = "Supporting Files";
			sourceTree = "<group>";
		};
/* End PBXGroup section */

/* Begin PBXNativeTarget section */
		497EFA801A5A2F530015BA60 /* StoreSearch */ = {
			isa = PBXNativeTarget;
			buildConfigurationList = 497EFAA31A5A2F530015BA60 /* Build configuration list for PBXNativeTarget "StoreSearch" */;
			buildPhases = (
				497EFA7D1A5A2F530015BA60 /* Sources */,
				497EFA7E1A5A2F530015BA60 /* Frameworks */,
				497EFA7F1A5A2F530015BA60 /* Resources */,
			);
			buildRules = (
			);
			dependencies = (
			);
			name = StoreSearch;
			productName = StoreSearch;
			productReference = 497EFA811A5A2F530015BA60 /* StoreSearch.app */;
			productType = "com.apple.product-type.application";
		};
		497EFA981A5A2F530015BA60 /* StoreSearchTests */ = {
			isa = PBXNativeTarget;
			buildConfigurationList = 497EFAA61A5A2F530015BA60 /* Build configuration list for PBXNativeTarget "StoreSearchTests" */;
			buildPhases = (
				497EFA951A5A2F530015BA60 /* Sources */,
				497EFA961A5A2F530015BA60 /* Frameworks */,
				497EFA971A5A2F530015BA60 /* Resources */,
			);
			buildRules = (
			);
			dependencies = (
				497EFA9B1A5A2F530015BA60 /* PBXTargetDependency */,
			);
			name = StoreSearchTests;
			productName = StoreSearchTests;
			productReference = 497EFA991A5A2F530015BA60 /* StoreSearchTests.xctest */;
			productType = "com.apple.product-type.bundle.unit-test";
		};
/* End PBXNativeTarget section */

/* Begin PBXProject section */
		497EFA791A5A2F530015BA60 /* Project object */ = {
			isa = PBXProject;
			attributes = {
				LastUpgradeCheck = 0610;
				ORGANIZATIONNAME = "Andrew Liu";
				TargetAttributes = {
					497EFA801A5A2F530015BA60 = {
						CreatedOnToolsVersion = 6.1.1;
					};
					497EFA981A5A2F530015BA60 = {
						CreatedOnToolsVersion = 6.1.1;
						TestTargetID = 497EFA801A5A2F530015BA60;
					};
				};
			};
			buildConfigurationList = 497EFA7C1A5A2F530015BA60 /* Build configuration list for PBXProject "StoreSearch" */;
			compatibilityVersion = "Xcode 3.2";
			developmentRegion = English;
			hasScannedForEncodings = 0;
			knownRegions = (
				en,
				Base,
			);
			mainGroup = 497EFA781A5A2F530015BA60;
			productRefGroup = 497EFA821A5A2F530015BA60 /* Products */;
			projectDirPath = "";
			projectRoot = "";
			targets = (
				497EFA801A5A2F530015BA60 /* StoreSearch */,
				497EFA981A5A2F530015BA60 /* StoreSearchTests */,
			);
		};
/* End PBXProject section */

/* Begin PBXResourcesBuildPhase section */
		497EFA7F1A5A2F530015BA60 /* Resources */ = {
			isa = PBXResourcesBuildPhase;
			buildActionMask = 2147483647;
			files = (
				497EFA8F1A5A2F530015BA60 /* Main.storyboard in Resources */,
				49A80C7A1A5FC1F20045E73D /* LoadingCell.xib in Resources */,
				497EFAAC1A5BC21B0015BA60 /* SearchResultCell.xib in Resources */,
				497EFAB01A5D02280015BA60 /* NothingFoundCell.xib in Resources */,
				497EFA911A5A2F530015BA60 /* Images.xcassets in Resources */,
			);
			runOnlyForDeploymentPostprocessing = 0;
		};
		497EFA971A5A2F530015BA60 /* Resources */ = {
			isa = PBXResourcesBuildPhase;
			buildActionMask = 2147483647;
			files = (
			);
			runOnlyForDeploymentPostprocessing = 0;
		};
/* End PBXResourcesBuildPhase section */

/* Begin PBXSourcesBuildPhase section */
		497EFA7D1A5A2F530015BA60 /* Sources */ = {
			isa = PBXSourcesBuildPhase;
			buildActionMask = 2147483647;
			files = (
				497EFA8C1A5A2F530015BA60 /* SearchViewController.swift in Sources */,
				497EFA871A5A2F530015BA60 /* AppDelegate.swift in Sources */,
				49A80C7C1A603A1F0045E73D /* UIImageView+DownloadImage.swift in Sources */,
				497469D81A611607001E5871 /* DimmingPresentationController.swift in Sources */,
				492F2AA61A62662B0050DAA8 /* BounceAnimationController.swift in Sources */,
				497EFAAA1A5B96F80015BA60 /* SearchResult.swift in Sources */,
				497EFA8A1A5A2F530015BA60 /* StoreSearch.xcdatamodeld in Sources */,
				497EFAAE1A5CFF940015BA60 /* SearchResultCell.swift in Sources */,
				492F2AA81A6269470050DAA8 /* SlideOutAnimationController.swift in Sources */,
				497469D61A611397001E5871 /* DetailViewController.swift in Sources */,
				497469DA1A612958001E5871 /* GradientView.swift in Sources */,
			);
			runOnlyForDeploymentPostprocessing = 0;
		};
		497EFA951A5A2F530015BA60 /* Sources */ = {
			isa = PBXSourcesBuildPhase;
			buildActionMask = 2147483647;
			files = (
				497EFAA01A5A2F530015BA60 /* StoreSearchTests.swift in Sources */,
			);
			runOnlyForDeploymentPostprocessing = 0;
		};
/* End PBXSourcesBuildPhase section */

/* Begin PBXTargetDependency section */
		497EFA9B1A5A2F530015BA60 /* PBXTargetDependency */ = {
			isa = PBXTargetDependency;
			target = 497EFA801A5A2F530015BA60 /* StoreSearch */;
			targetProxy = 497EFA9A1A5A2F530015BA60 /* PBXContainerItemProxy */;
		};
/* End PBXTargetDependency section */

/* Begin PBXVariantGroup section */
		497EFA8D1A5A2F530015BA60 /* Main.storyboard */ = {
			isa = PBXVariantGroup;
			children = (
				497EFA8E1A5A2F530015BA60 /* Base */,
			);
			name = Main.storyboard;
			sourceTree = "<group>";
		};
/* End PBXVariantGroup section */

/* Begin XCBuildConfiguration section */
		497EFAA11A5A2F530015BA60 /* Debug */ = {
			isa = XCBuildConfiguration;
			buildSettings = {
				ALWAYS_SEARCH_USER_PATHS = NO;
				CLANG_CXX_LANGUAGE_STANDARD = "gnu++0x";
				CLANG_CXX_LIBRARY = "libc++";
				CLANG_ENABLE_MODULES = YES;
				CLANG_ENABLE_OBJC_ARC = YES;
				CLANG_WARN_BOOL_CONVERSION = YES;
				CLANG_WARN_CONSTANT_CONVERSION = YES;
				CLANG_WARN_DIRECT_OBJC_ISA_USAGE = YES_ERROR;
				CLANG_WARN_EMPTY_BODY = YES;
				CLANG_WARN_ENUM_CONVERSION = YES;
				CLANG_WARN_INT_CONVERSION = YES;
				CLANG_WARN_OBJC_ROOT_CLASS = YES_ERROR;
				CLANG_WARN_UNREACHABLE_CODE = YES;
				CLANG_WARN__DUPLICATE_METHOD_MATCH = YES;
				"CODE_SIGN_IDENTITY[sdk=iphoneos*]" = "iPhone Developer";
				COPY_PHASE_STRIP = NO;
				ENABLE_STRICT_OBJC_MSGSEND = YES;
				GCC_C_LANGUAGE_STANDARD = gnu99;
				GCC_DYNAMIC_NO_PIC = NO;
				GCC_OPTIMIZATION_LEVEL = 0;
				GCC_PREPROCESSOR_DEFINITIONS = (
					"DEBUG=1",
					"$(inherited)",
				);
				GCC_SYMBOLS_PRIVATE_EXTERN = NO;
				GCC_WARN_64_TO_32_BIT_CONVERSION = YES;
				GCC_WARN_ABOUT_RETURN_TYPE = YES_ERROR;
				GCC_WARN_UNDECLARED_SELECTOR = YES;
				GCC_WARN_UNINITIALIZED_AUTOS = YES_AGGRESSIVE;
				GCC_WARN_UNUSED_FUNCTION = YES;
				GCC_WARN_UNUSED_VARIABLE = YES;
				IPHONEOS_DEPLOYMENT_TARGET = 8.1;
				MTL_ENABLE_DEBUG_INFO = YES;
				ONLY_ACTIVE_ARCH = YES;
				SDKROOT = iphoneos;
				SWIFT_OPTIMIZATION_LEVEL = "-Onone";
			};
			name = Debug;
		};
		497EFAA21A5A2F530015BA60 /* Release */ = {
			isa = XCBuildConfiguration;
			buildSettings = {
				ALWAYS_SEARCH_USER_PATHS = NO;
				CLANG_CXX_LANGUAGE_STANDARD = "gnu++0x";
				CLANG_CXX_LIBRARY = "libc++";
				CLANG_ENABLE_MODULES = YES;
				CLANG_ENABLE_OBJC_ARC = YES;
				CLANG_WARN_BOOL_CONVERSION = YES;
				CLANG_WARN_CONSTANT_CONVERSION = YES;
				CLANG_WARN_DIRECT_OBJC_ISA_USAGE = YES_ERROR;
				CLANG_WARN_EMPTY_BODY = YES;
				CLANG_WARN_ENUM_CONVERSION = YES;
				CLANG_WARN_INT_CONVERSION = YES;
				CLANG_WARN_OBJC_ROOT_CLASS = YES_ERROR;
				CLANG_WARN_UNREACHABLE_CODE = YES;
				CLANG_WARN__DUPLICATE_METHOD_MATCH = YES;
				"CODE_SIGN_IDENTITY[sdk=iphoneos*]" = "iPhone Developer";
				COPY_PHASE_STRIP = YES;
				ENABLE_NS_ASSERTIONS = NO;
				ENABLE_STRICT_OBJC_MSGSEND = YES;
				GCC_C_LANGUAGE_STANDARD = gnu99;
				GCC_WARN_64_TO_32_BIT_CONVERSION = YES;
				GCC_WARN_ABOUT_RETURN_TYPE = YES_ERROR;
				GCC_WARN_UNDECLARED_SELECTOR = YES;
				GCC_WARN_UNINITIALIZED_AUTOS = YES_AGGRESSIVE;
				GCC_WARN_UNUSED_FUNCTION = YES;
				GCC_WARN_UNUSED_VARIABLE = YES;
				IPHONEOS_DEPLOYMENT_TARGET = 8.1;
				MTL_ENABLE_DEBUG_INFO = NO;
				SDKROOT = iphoneos;
				VALIDATE_PRODUCT = YES;
			};
			name = Release;
		};
		497EFAA41A5A2F530015BA60 /* Debug */ = {
			isa = XCBuildConfiguration;
			buildSettings = {
				ASSETCATALOG_COMPILER_APPICON_NAME = AppIcon;
				INFOPLIST_FILE = StoreSearch/Info.plist;
				LD_RUNPATH_SEARCH_PATHS = "$(inherited) @executable_path/Frameworks";
				PRODUCT_NAME = "$(TARGET_NAME)";
			};
			name = Debug;
		};
		497EFAA51A5A2F530015BA60 /* Release */ = {
			isa = XCBuildConfiguration;
			buildSettings = {
				ASSETCATALOG_COMPILER_APPICON_NAME = AppIcon;
				INFOPLIST_FILE = StoreSearch/Info.plist;
				LD_RUNPATH_SEARCH_PATHS = "$(inherited) @executable_path/Frameworks";
				PRODUCT_NAME = "$(TARGET_NAME)";
			};
			name = Release;
		};
		497EFAA71A5A2F530015BA60 /* Debug */ = {
			isa = XCBuildConfiguration;
			buildSettings = {
				BUNDLE_LOADER = "$(TEST_HOST)";
				FRAMEWORK_SEARCH_PATHS = (
					"$(SDKROOT)/Developer/Library/Frameworks",
					"$(inherited)",
				);
				GCC_PREPROCESSOR_DEFINITIONS = (
					"DEBUG=1",
					"$(inherited)",
				);
				INFOPLIST_FILE = StoreSearchTests/Info.plist;
				LD_RUNPATH_SEARCH_PATHS = "$(inherited) @executable_path/Frameworks @loader_path/Frameworks";
				PRODUCT_NAME = "$(TARGET_NAME)";
				TEST_HOST = "$(BUILT_PRODUCTS_DIR)/StoreSearch.app/StoreSearch";
			};
			name = Debug;
		};
		497EFAA81A5A2F530015BA60 /* Release */ = {
			isa = XCBuildConfiguration;
			buildSettings = {
				BUNDLE_LOADER = "$(TEST_HOST)";
				FRAMEWORK_SEARCH_PATHS = (
					"$(SDKROOT)/Developer/Library/Frameworks",
					"$(inherited)",
				);
				INFOPLIST_FILE = StoreSearchTests/Info.plist;
				LD_RUNPATH_SEARCH_PATHS = "$(inherited) @executable_path/Frameworks @loader_path/Frameworks";
				PRODUCT_NAME = "$(TARGET_NAME)";
				TEST_HOST = "$(BUILT_PRODUCTS_DIR)/StoreSearch.app/StoreSearch";
			};
			name = Release;
		};
/* End XCBuildConfiguration section */

/* Begin XCConfigurationList section */
		497EFA7C1A5A2F530015BA60 /* Build configuration list for PBXProject "StoreSearch" */ = {
			isa = XCConfigurationList;
			buildConfigurations = (
				497EFAA11A5A2F530015BA60 /* Debug */,
				497EFAA21A5A2F530015BA60 /* Release */,
			);
			defaultConfigurationIsVisible = 0;
			defaultConfigurationName = Release;
		};
		497EFAA31A5A2F530015BA60 /* Build configuration list for PBXNativeTarget "StoreSearch" */ = {
			isa = XCConfigurationList;
			buildConfigurations = (
				497EFAA41A5A2F530015BA60 /* Debug */,
				497EFAA51A5A2F530015BA60 /* Release */,
			);
			defaultConfigurationIsVisible = 0;
			defaultConfigurationName = Release;
		};
		497EFAA61A5A2F530015BA60 /* Build configuration list for PBXNativeTarget "StoreSearchTests" */ = {
			isa = XCConfigurationList;
			buildConfigurations = (
				497EFAA71A5A2F530015BA60 /* Debug */,
				497EFAA81A5A2F530015BA60 /* Release */,
			);
			defaultConfigurationIsVisible = 0;
			defaultConfigurationName = Release;
		};
/* End XCConfigurationList section */

/* Begin XCVersionGroup section */
		497EFA881A5A2F530015BA60 /* StoreSearch.xcdatamodeld */ = {
			isa = XCVersionGroup;
			children = (
				497EFA891A5A2F530015BA60 /* StoreSearch.xcdatamodel */,
			);
			currentVersion = 497EFA891A5A2F530015BA60 /* StoreSearch.xcdatamodel */;
			path = StoreSearch.xcdatamodeld;
			sourceTree = "<group>";
			versionGroupType = wrapper.xcdatamodel;
		};
/* End XCVersionGroup section */
	};
	rootObject = 497EFA791A5A2F530015BA60 /* Project object */;
}
